# THIS IS AN AUTOGENERATED FILE. DO NOT EDIT THIS FILE DIRECTLY.
# yarn lockfile v1


bootstrap@^4.1.0:
  version "4.1.0"
  resolved "https://registry.yarnpkg.com/bootstrap/-/bootstrap-4.1.0.tgz#110b05c31a236d56dbc9adcda6dd16f53738a28a"

highcharts@^7.2.2:
  version "7.2.2"
  resolved "https://registry.yarnpkg.com/highcharts/-/highcharts-7.2.2.tgz#94d6bae545d7f0fbf49615b28640f5fdbf99d11e"

jquery@>=3.2.1, jquery@^3.3.1:
  version "3.3.1"
  resolved "https://registry.yarnpkg.com/jquery/-/jquery-3.3.1.tgz#958ce29e81c9790f31be7792df5d4d95fc57fbca"

tablesorter@^2.30.1:
  version "2.30.1"
  resolved "https://registry.yarnpkg.com/tablesorter/-/tablesorter-2.30.1.tgz#7709b22fedca307365d7b1b0af300d02aef9a787"
  dependencies:
    jquery ">=3.2.1"

tether@^1.4.3:
  version "1.4.3"
  resolved "https://registry.yarnpkg.com/tether/-/tether-1.4.3.tgz#fd547024c47b6e5c9b87e1880f997991a9a6ad54"
